<Solution>
  <Configurations>
    <Platform Name="Any CPU" />
    <Platform Name="x64" />
    <Platform Name="x86" />
  </Configurations>
  <Project Path="MCPify/MCPify.csproj" />
  <Project Path="Sample/MCPify.Sample.csproj" />
  <Project Path="Tests/MCPify.Tests/MCPify.Tests.csproj" />
</Solution>
